
Microsoft Visual Studio Solution File, Format Version 12.00
# Visual Studio Version 17
VisualStudioVersion = 17.4.33205.214
MinimumVisualStudioVersion = 10.0.40219.1
Project("{9A19103F-16F7-4668-BE54-9A1E7A4F7556}") = "Teatr", "Teatr\Teatr.csproj", "{B16CB463-3C4F-478C-9A53-BEA25C67A5F0}"
EndProject
Project("{9A19103F-16F7-4668-BE54-9A1E7A4F7556}") = "Core", "Core\Core.csproj", "{F2F13798-B005-493B-BBE3-83459729DFBC}"
EndProject
Global
	GlobalSection(SolutionConfigurationPlatforms) = preSolution
		Debug|Any CPU = Debug|Any CPU
		Release|Any CPU = Release|Any CPU
	EndGlobalSection
	GlobalSection(ProjectConfigurationPlatforms) = postSolution
		{B16CB463-3C4F-478C-9A53-BEA25C67A5F0}.Debug|Any CPU.ActiveCfg = Debug|Any CPU
		{B16CB463-3C4F-478C-9A53-BEA25C67A5F0}.Debug|Any CPU.Build.0 = Debug|Any CPU
		{B16CB463-3C4F-478C-9A53-BEA25C67A5F0}.Release|Any CPU.ActiveCfg = Release|Any CPU
		{B16CB463-3C4F-478C-9A53-BEA25C67A5F0}.Release|Any CPU.Build.0 = Release|Any CPU
		{F2F13798-B005-493B-BBE3-83459729DFBC}.Debug|Any CPU.ActiveCfg = Debug|Any CPU
		{F2F13798-B005-493B-BBE3-83459729DFBC}.Debug|Any CPU.Build.0 = Debug|Any CPU
		{F2F13798-B005-493B-BBE3-83459729DFBC}.Release|Any CPU.ActiveCfg = Release|Any CPU
		{F2F13798-B005-493B-BBE3-83459729DFBC}.Release|Any CPU.Build.0 = Release|Any CPU
	EndGlobalSection
	GlobalSection(SolutionProperties) = preSolution
		HideSolutionNode = FALSE
	EndGlobalSection
	GlobalSection(ExtensibilityGlobals) = postSolution
		SolutionGuid = {FA8137D3-746E-47E9-8CC7-5E47D16679C7}
	EndGlobalSection
EndGlobal
